
Microsoft Visual Studio Solution File, Format Version 10.00
# Visual Studio 2008
Project("{8BC9CEB8-8B4A-11D0-8D11-00A0C91BC942}") = "text based rpg", "text based rpg\text based rpg.vcproj", "{39129946-13FD-4707-AA32-678486D873DD}"
EndProject
Global
	GlobalSection(SolutionConfigurationPlatforms) = preSolution
		Debug|Win32 = Debug|Win32
		Release|Win32 = Release|Win32
	EndGlobalSection
	GlobalSection(ProjectConfigurationPlatforms) = postSolution
		{39129946-13FD-4707-AA32-678486D873DD}.Debug|Win32.ActiveCfg = Debug|Win32
		{39129946-13FD-4707-AA32-678486D873DD}.Debug|Win32.Build.0 = Debug|Win32
		{39129946-13FD-4707-AA32-678486D873DD}.Release|Win32.ActiveCfg = Release|Win32
		{39129946-13FD-4707-AA32-678486D873DD}.Release|Win32.Build.0 = Release|Win32
	EndGlobalSection
	GlobalSection(SolutionProperties) = preSolution
		HideSolutionNode = FALSE
	EndGlobalSection
EndGlobal
