
Microsoft Visual Studio Solution File, Format Version 10.00
# Visual Studio 2008
Project("{8BC9CEB8-8B4A-11D0-8D11-00A0C91BC942}") = "classwork 11-13", "classwork 11-13\classwork 11-13.vcproj", "{FD00E1A5-81D0-4B2D-B74C-3E1573BF599D}"
EndProject
Global
	GlobalSection(SolutionConfigurationPlatforms) = preSolution
		Debug|Win32 = Debug|Win32
		Release|Win32 = Release|Win32
	EndGlobalSection
	GlobalSection(ProjectConfigurationPlatforms) = postSolution
		{FD00E1A5-81D0-4B2D-B74C-3E1573BF599D}.Debug|Win32.ActiveCfg = Debug|Win32
		{FD00E1A5-81D0-4B2D-B74C-3E1573BF599D}.Debug|Win32.Build.0 = Debug|Win32
		{FD00E1A5-81D0-4B2D-B74C-3E1573BF599D}.Release|Win32.ActiveCfg = Release|Win32
		{FD00E1A5-81D0-4B2D-B74C-3E1573BF599D}.Release|Win32.Build.0 = Release|Win32
	EndGlobalSection
	GlobalSection(SolutionProperties) = preSolution
		HideSolutionNode = FALSE
	EndGlobalSection
EndGlobal
