
Microsoft Visual Studio Solution File, Format Version 10.00
# Visual Studio 2008
Project("{8BC9CEB8-8B4A-11D0-8D11-00A0C91BC942}") = "classwork1118", "classwork1118\classwork1118.vcproj", "{67951473-C88D-4D44-B17B-900695FD3A92}"
EndProject
Global
	GlobalSection(SolutionConfigurationPlatforms) = preSolution
		Debug|Win32 = Debug|Win32
		Release|Win32 = Release|Win32
	EndGlobalSection
	GlobalSection(ProjectConfigurationPlatforms) = postSolution
		{67951473-C88D-4D44-B17B-900695FD3A92}.Debug|Win32.ActiveCfg = Debug|Win32
		{67951473-C88D-4D44-B17B-900695FD3A92}.Debug|Win32.Build.0 = Debug|Win32
		{67951473-C88D-4D44-B17B-900695FD3A92}.Release|Win32.ActiveCfg = Release|Win32
		{67951473-C88D-4D44-B17B-900695FD3A92}.Release|Win32.Build.0 = Release|Win32
	EndGlobalSection
	GlobalSection(SolutionProperties) = preSolution
		HideSolutionNode = FALSE
	EndGlobalSection
EndGlobal
