
Microsoft Visual Studio Solution File, Format Version 10.00
# Visual Studio 2008
Project("{FAE04EC0-301F-11D3-BF4B-00C04F79EFBC}") = "coin genetics", "coin genetics\coin genetics.csproj", "{FA8C3825-D0E1-4818-A599-A4B630DBBAA5}"
EndProject
Global
	GlobalSection(SolutionConfigurationPlatforms) = preSolution
		Debug|Any CPU = Debug|Any CPU
		Release|Any CPU = Release|Any CPU
	EndGlobalSection
	GlobalSection(ProjectConfigurationPlatforms) = postSolution
		{FA8C3825-D0E1-4818-A599-A4B630DBBAA5}.Debug|Any CPU.ActiveCfg = Debug|Any CPU
		{FA8C3825-D0E1-4818-A599-A4B630DBBAA5}.Debug|Any CPU.Build.0 = Debug|Any CPU
		{FA8C3825-D0E1-4818-A599-A4B630DBBAA5}.Release|Any CPU.ActiveCfg = Release|Any CPU
		{FA8C3825-D0E1-4818-A599-A4B630DBBAA5}.Release|Any CPU.Build.0 = Release|Any CPU
	EndGlobalSection
	GlobalSection(SolutionProperties) = preSolution
		HideSolutionNode = FALSE
	EndGlobalSection
EndGlobal
