
Microsoft Visual Studio Solution File, Format Version 10.00
# Visual Studio 2008
Project("{8BC9CEB8-8B4A-11D0-8D11-00A0C91BC942}") = "classwork1204", "classwork1204\classwork1204.vcproj", "{39A1C618-7570-4B00-809D-25B59D82B45C}"
EndProject
Global
	GlobalSection(SolutionConfigurationPlatforms) = preSolution
		Debug|Win32 = Debug|Win32
		Release|Win32 = Release|Win32
	EndGlobalSection
	GlobalSection(ProjectConfigurationPlatforms) = postSolution
		{39A1C618-7570-4B00-809D-25B59D82B45C}.Debug|Win32.ActiveCfg = Debug|Win32
		{39A1C618-7570-4B00-809D-25B59D82B45C}.Debug|Win32.Build.0 = Debug|Win32
		{39A1C618-7570-4B00-809D-25B59D82B45C}.Release|Win32.ActiveCfg = Release|Win32
		{39A1C618-7570-4B00-809D-25B59D82B45C}.Release|Win32.Build.0 = Release|Win32
	EndGlobalSection
	GlobalSection(SolutionProperties) = preSolution
		HideSolutionNode = FALSE
	EndGlobalSection
EndGlobal
