
Microsoft Visual Studio Solution File, Format Version 11.00
# Visual Studio 2010
Project("{8BC9CEB8-8B4A-11D0-8D11-00A0C91BC942}") = "binary tree", "binary tree\binary tree.vcxproj", "{882BF226-EAC0-4D4E-AE76-F87C82BA3E7E}"
EndProject
Global
	GlobalSection(SolutionConfigurationPlatforms) = preSolution
		Debug|Win32 = Debug|Win32
		Release|Win32 = Release|Win32
	EndGlobalSection
	GlobalSection(ProjectConfigurationPlatforms) = postSolution
		{882BF226-EAC0-4D4E-AE76-F87C82BA3E7E}.Debug|Win32.ActiveCfg = Debug|Win32
		{882BF226-EAC0-4D4E-AE76-F87C82BA3E7E}.Debug|Win32.Build.0 = Debug|Win32
		{882BF226-EAC0-4D4E-AE76-F87C82BA3E7E}.Release|Win32.ActiveCfg = Release|Win32
		{882BF226-EAC0-4D4E-AE76-F87C82BA3E7E}.Release|Win32.Build.0 = Release|Win32
	EndGlobalSection
	GlobalSection(SolutionProperties) = preSolution
		HideSolutionNode = FALSE
	EndGlobalSection
EndGlobal
